
Microsoft Visual Studio Solution File, Format Version 12.00
# Visual Studio Version 16
VisualStudioVersion = 16.0.33920.266
MinimumVisualStudioVersion = 10.0.40219.1
Project("{FAE04EC0-301F-11D3-BF4B-00C04F79EFBC}") = "MPScoreUploader", "MPScoreUploader\MPScoreUploader.csproj", "{8BD88D22-3882-4EF7-AEA3-9170FF33956E}"
EndProject
Global
	GlobalSection(SolutionConfigurationPlatforms) = preSolution
		Debug|Any CPU = Debug|Any CPU
		Release|Any CPU = Release|Any CPU
	EndGlobalSection
	GlobalSection(ProjectConfigurationPlatforms) = postSolution
		{8BD88D22-3882-4EF7-AEA3-9170FF33956E}.Debug|Any CPU.ActiveCfg = Debug|Any CPU
		{8BD88D22-3882-4EF7-AEA3-9170FF33956E}.Debug|Any CPU.Build.0 = Debug|Any CPU
		{8BD88D22-3882-4EF7-AEA3-9170FF33956E}.Release|Any CPU.ActiveCfg = Release|Any CPU
		{8BD88D22-3882-4EF7-AEA3-9170FF33956E}.Release|Any CPU.Build.0 = Release|Any CPU
	EndGlobalSection
	GlobalSection(SolutionProperties) = preSolution
		HideSolutionNode = FALSE
	EndGlobalSection
	GlobalSection(ExtensibilityGlobals) = postSolution
		SolutionGuid = {B5F85B46-005F-42D7-8701-12970932D299}
	EndGlobalSection
EndGlobal
